
Microsoft Visual Studio Solution File, Format Version 12.00
# Visual Studio Version 17
VisualStudioVersion = 17.11.35312.102
MinimumVisualStudioVersion = 10.0.40219.1
Project("{FAE04EC0-301F-11D3-BF4B-00C04F79EFBC}") = "LAB_19", "LAB_19.csproj", "{B5EDEF23-5E44-4AA9-AA64-3E9CF6DD4337}"
EndProject
Project("{FAE04EC0-301F-11D3-BF4B-00C04F79EFBC}") = "CalculatorTests", "..\CalculatorTest\CalculatorTests.csproj", "{9BCC4520-34DC-4A55-B0F0-E2C4C61E99D4}"
EndProject
Global
	GlobalSection(SolutionConfigurationPlatforms) = preSolution
		Debug|Any CPU = Debug|Any CPU
		Release|Any CPU = Release|Any CPU
	EndGlobalSection
	GlobalSection(ProjectConfigurationPlatforms) = postSolution
		{B5EDEF23-5E44-4AA9-AA64-3E9CF6DD4337}.Debug|Any CPU.ActiveCfg = Debug|Any CPU
		{B5EDEF23-5E44-4AA9-AA64-3E9CF6DD4337}.Debug|Any CPU.Build.0 = Debug|Any CPU
		{B5EDEF23-5E44-4AA9-AA64-3E9CF6DD4337}.Release|Any CPU.ActiveCfg = Release|Any CPU
		{B5EDEF23-5E44-4AA9-AA64-3E9CF6DD4337}.Release|Any CPU.Build.0 = Release|Any CPU
		{9BCC4520-34DC-4A55-B0F0-E2C4C61E99D4}.Debug|Any CPU.ActiveCfg = Debug|Any CPU
		{9BCC4520-34DC-4A55-B0F0-E2C4C61E99D4}.Debug|Any CPU.Build.0 = Debug|Any CPU
		{9BCC4520-34DC-4A55-B0F0-E2C4C61E99D4}.Release|Any CPU.ActiveCfg = Release|Any CPU
		{9BCC4520-34DC-4A55-B0F0-E2C4C61E99D4}.Release|Any CPU.Build.0 = Release|Any CPU
	EndGlobalSection
	GlobalSection(SolutionProperties) = preSolution
		HideSolutionNode = FALSE
	EndGlobalSection
	GlobalSection(ExtensibilityGlobals) = postSolution
		SolutionGuid = {0D41A80F-39F9-4CEB-8C16-5D4E5D21BE50}
	EndGlobalSection
EndGlobal
